
Microsoft Visual Studio Solution File, Format Version 12.00
# Visual Studio Version 17
VisualStudioVersion = 17.8.34330.188
MinimumVisualStudioVersion = 10.0.40219.1
Project("{FAE04EC0-301F-11D3-BF4B-00C04F79EFBC}") = "ArraysAndStrings", "ArraysAndStrings\ArraysAndStrings.csproj", "{258FF85E-03D3-4B0A-B4C5-FE3CB6D9594A}"
EndProject
Project("{FAE04EC0-301F-11D3-BF4B-00C04F79EFBC}") = "ArraysAndStringsTests", "ArraysAndStringsTests\ArraysAndStringsTests.csproj", "{007ED21E-C151-4B20-B2C9-8F58FDD9D184}"
EndProject
Project("{FAE04EC0-301F-11D3-BF4B-00C04F79EFBC}") = "LinkedLists", "LinkedLists\LinkedLists.csproj", "{C2D27A8F-93C4-40FA-B7A1-5BEF14600780}"
EndProject
Project("{FAE04EC0-301F-11D3-BF4B-00C04F79EFBC}") = "LinkedListsTests", "LinkedListsTests\LinkedListsTests.csproj", "{EFBFE535-BA8F-4BD7-82BF-214226FBED46}"
EndProject
Global
	GlobalSection(SolutionConfigurationPlatforms) = preSolution
		Debug|Any CPU = Debug|Any CPU
		Release|Any CPU = Release|Any CPU
	EndGlobalSection
	GlobalSection(ProjectConfigurationPlatforms) = postSolution
		{258FF85E-03D3-4B0A-B4C5-FE3CB6D9594A}.Debug|Any CPU.ActiveCfg = Debug|Any CPU
		{258FF85E-03D3-4B0A-B4C5-FE3CB6D9594A}.Debug|Any CPU.Build.0 = Debug|Any CPU
		{258FF85E-03D3-4B0A-B4C5-FE3CB6D9594A}.Release|Any CPU.ActiveCfg = Release|Any CPU
		{258FF85E-03D3-4B0A-B4C5-FE3CB6D9594A}.Release|Any CPU.Build.0 = Release|Any CPU
		{007ED21E-C151-4B20-B2C9-8F58FDD9D184}.Debug|Any CPU.ActiveCfg = Debug|Any CPU
		{007ED21E-C151-4B20-B2C9-8F58FDD9D184}.Debug|Any CPU.Build.0 = Debug|Any CPU
		{007ED21E-C151-4B20-B2C9-8F58FDD9D184}.Release|Any CPU.ActiveCfg = Release|Any CPU
		{007ED21E-C151-4B20-B2C9-8F58FDD9D184}.Release|Any CPU.Build.0 = Release|Any CPU
		{33470C56-244B-436E-9BD7-EFFE383F9B55}.Debug|Any CPU.ActiveCfg = Debug|Any CPU
		{33470C56-244B-436E-9BD7-EFFE383F9B55}.Debug|Any CPU.Build.0 = Debug|Any CPU
		{33470C56-244B-436E-9BD7-EFFE383F9B55}.Release|Any CPU.ActiveCfg = Release|Any CPU
		{33470C56-244B-436E-9BD7-EFFE383F9B55}.Release|Any CPU.Build.0 = Release|Any CPU
		{C2D27A8F-93C4-40FA-B7A1-5BEF14600780}.Debug|Any CPU.ActiveCfg = Debug|Any CPU
		{C2D27A8F-93C4-40FA-B7A1-5BEF14600780}.Debug|Any CPU.Build.0 = Debug|Any CPU
		{C2D27A8F-93C4-40FA-B7A1-5BEF14600780}.Release|Any CPU.ActiveCfg = Release|Any CPU
		{C2D27A8F-93C4-40FA-B7A1-5BEF14600780}.Release|Any CPU.Build.0 = Release|Any CPU
		{EFBFE535-BA8F-4BD7-82BF-214226FBED46}.Debug|Any CPU.ActiveCfg = Debug|Any CPU
		{EFBFE535-BA8F-4BD7-82BF-214226FBED46}.Debug|Any CPU.Build.0 = Debug|Any CPU
		{EFBFE535-BA8F-4BD7-82BF-214226FBED46}.Release|Any CPU.ActiveCfg = Release|Any CPU
		{EFBFE535-BA8F-4BD7-82BF-214226FBED46}.Release|Any CPU.Build.0 = Release|Any CPU
	EndGlobalSection
	GlobalSection(SolutionProperties) = preSolution
		HideSolutionNode = FALSE
	EndGlobalSection
	GlobalSection(ExtensibilityGlobals) = postSolution
		SolutionGuid = {7A557DEF-7678-45DC-BA35-2430F139CD23}
	EndGlobalSection
EndGlobal
